// !$*UTF8*$!
{
	archiveVersion = 1;
	classes = {
	};
	objectVersion = 46;
	objects = {

/* Begin PBXBuildFile section */
		CEE623171DDB2B6C002BF31B /* AppDelegate.swift in Sources */ = {isa = PBXBuildFile; fileRef = CEE623161DDB2B6C002BF31B /* AppDelegate.swift */; };
		CEE623191DDB2B6C002BF31B /* FavoritesViewController.swift in Sources */ = {isa = PBXBuildFile; fileRef = CEE623181DDB2B6C002BF31B /* FavoritesViewController.swift */; };
		CEE6231C1DDB2B6C002BF31B /* Main.storyboard in Resources */ = {isa = PBXBuildFile; fileRef = CEE6231A1DDB2B6C002BF31B /* Main.storyboard */; };
		CEE6231E1DDB2B6C002BF31B /* Assets.xcassets in Resources */ = {isa = PBXBuildFile; fileRef = CEE6231D1DDB2B6C002BF31B /* Assets.xcassets */; };
		CEE623211DDB2B6C002BF31B /* LaunchScreen.storyboard in Resources */ = {isa = PBXBuildFile; fileRef = CEE6231F1DDB2B6C002BF31B /* LaunchScreen.storyboard */; };
		CEE623291DDB3358002BF31B /* SearchViewController.swift in Sources */ = {isa = PBXBuildFile; fileRef = CEE623281DDB3358002BF31B /* SearchViewController.swift */; };
		CEE6232B1DDE6A1F002BF31B /* APIconnect.swift in Sources */ = {isa = PBXBuildFile; fileRef = CEE6232A1DDE6A1F002BF31B /* APIconnect.swift */; };
		CEE6232D1DDE7314002BF31B /* SearchTableViewCell.swift in Sources */ = {isa = PBXBuildFile; fileRef = CEE6232C1DDE7314002BF31B /* SearchTableViewCell.swift */; };
		CEFA35811DDF565900CE9F63 /* MovieViewController.swift in Sources */ = {isa = PBXBuildFile; fileRef = CEFA35801DDF565900CE9F63 /* MovieViewController.swift */; };
		CEFA35831DDF6B9700CE9F63 /* FavoritesTableViewCell.swift in Sources */ = {isa = PBXBuildFile; fileRef = CEFA35821DDF6B9700CE9F63 /* FavoritesTableViewCell.swift */; };
/* End PBXBuildFile section */

/* Begin PBXFileReference section */
		CEE623131DDB2B6C002BF31B /* thomaskamps-pset3.app */ = {isa = PBXFileReference; explicitFileType = wrapper.application; includeInIndex = 0; path = "thomaskamps-pset3.app"; sourceTree = BUILT_PRODUCTS_DIR; };
		CEE623161DDB2B6C002BF31B /* AppDelegate.swift */ = {isa = PBXFileReference; lastKnownFileType = sourcecode.swift; path = AppDelegate.swift; sourceTree = "<group>"; };
		CEE623181DDB2B6C002BF31B /* FavoritesViewController.swift */ = {isa = PBXFileReference; lastKnownFileType = sourcecode.swift; path = FavoritesViewController.swift; sourceTree = "<group>"; };
		CEE6231B1DDB2B6C002BF31B /* Base */ = {isa = PBXFileReference; lastKnownFileType = file.storyboard; name = Base; path = Base.lproj/Main.storyboard; sourceTree = "<group>"; };
		CEE6231D1DDB2B6C002BF31B /* Assets.xcassets */ = {isa = PBXFileReference; lastKnownFileType = folder.assetcatalog; path = Assets.xcassets; sourceTree = "<group>"; };
		CEE623201DDB2B6C002BF31B /* Base */ = {isa = PBXFileReference; lastKnownFileType = file.storyboard; name = Base; path = Base.lproj/LaunchScreen.storyboard; sourceTree = "<group>"; };
		CEE623221DDB2B6C002BF31B /* Info.plist */ = {isa = PBXFileReference; lastKnownFileType = text.plist.xml; path = Info.plist; sourceTree = "<group>"; };
		CEE623281DDB3358002BF31B /* SearchViewController.swift */ = {isa = PBXFileReference; fileEncoding = 4; lastKnownFileType = sourcecode.swift; path = SearchViewController.swift; sourceTree = "<group>"; };
		CEE6232A1DDE6A1F002BF31B /* APIconnect.swift */ = {isa = PBXFileReference; fileEncoding = 4; lastKnownFileType = sourcecode.swift; path = APIconnect.swift; sourceTree = "<group>"; };
		CEE6232C1DDE7314002BF31B /* SearchTableViewCell.swift */ = {isa = PBXFileReference; fileEncoding = 4; lastKnownFileType = sourcecode.swift; path = SearchTableViewCell.swift; sourceTree = "<group>"; };
		CEFA35801DDF565900CE9F63 /* MovieViewController.swift */ = {isa = PBXFileReference; fileEncoding = 4; lastKnownFileType = sourcecode.swift; path = MovieViewController.swift; sourceTree = "<group>"; };
		CEFA35821DDF6B9700CE9F63 /* FavoritesTableViewCell.swift */ = {isa = PBXFileReference; fileEncoding = 4; lastKnownFileType = sourcecode.swift; path = FavoritesTableViewCell.swift; sourceTree = "<group>"; };
/* End PBXFileReference section */

/* Begin PBXFrameworksBuildPhase section */
		CEE623101DDB2B6C002BF31B /* Frameworks */ = {
			isa = PBXFrameworksBuildPhase;
			buildActionMask = 2147483647;
			files = (
			);
			runOnlyForDeploymentPostprocessing = 0;
		};
/* End PBXFrameworksBuildPhase section */

/* Begin PBXGroup section */
		CEE6230A1DDB2B6C002BF31B = {
			isa = PBXGroup;
			children = (
				CEE623151DDB2B6C002BF31B /* thomaskamps-pset3 */,
				CEE623141DDB2B6C002BF31B /* Products */,
			);
			sourceTree = "<group>";
		};
		CEE623141DDB2B6C002BF31B /* Products */ = {
			isa = PBXGroup;
			children = (
				CEE623131DDB2B6C002BF31B /* thomaskamps-pset3.app */,
			);
			name = Products;
			sourceTree = "<group>";
		};
		CEE623151DDB2B6C002BF31B /* thomaskamps-pset3 */ = {
			isa = PBXGroup;
			children = (
				CEE623161DDB2B6C002BF31B /* AppDelegate.swift */,
				CEE623181DDB2B6C002BF31B /* FavoritesViewController.swift */,
				CEE6232A1DDE6A1F002BF31B /* APIconnect.swift */,
				CEE623281DDB3358002BF31B /* SearchViewController.swift */,
				CEE6231A1DDB2B6C002BF31B /* Main.storyboard */,
				CEFA35801DDF565900CE9F63 /* MovieViewController.swift */,
				CEE6232C1DDE7314002BF31B /* SearchTableViewCell.swift */,
				CEFA35821DDF6B9700CE9F63 /* FavoritesTableViewCell.swift */,
				CEE6231D1DDB2B6C002BF31B /* Assets.xcassets */,
				CEE6231F1DDB2B6C002BF31B /* LaunchScreen.storyboard */,
				CEE623221DDB2B6C002BF31B /* Info.plist */,
			);
			path = "thomaskamps-pset3";
			sourceTree = "<group>";
		};
/* End PBXGroup section */

/* Begin PBXNativeTarget section */
		CEE623121DDB2B6C002BF31B /* thomaskamps-pset3 */ = {
			isa = PBXNativeTarget;
			buildConfigurationList = CEE623251DDB2B6C002BF31B /* Build configuration list for PBXNativeTarget "thomaskamps-pset3" */;
			buildPhases = (
				CEE6230F1DDB2B6C002BF31B /* Sources */,
				CEE623101DDB2B6C002BF31B /* Frameworks */,
				CEE623111DDB2B6C002BF31B /* Resources */,
			);
			buildRules = (
			);
			dependencies = (
			);
			name = "thomaskamps-pset3";
			productName = "thomaskamps-pset3";
			productReference = CEE623131DDB2B6C002BF31B /* thomaskamps-pset3.app */;
			productType = "com.apple.product-type.application";
		};
/* End PBXNativeTarget section */

/* Begin PBXProject section */
		CEE6230B1DDB2B6C002BF31B /* Project object */ = {
			isa = PBXProject;
			attributes = {
				LastSwiftUpdateCheck = 0810;
				LastUpgradeCheck = 0810;
				ORGANIZATIONNAME = "Thomas Kamps";
				TargetAttributes = {
					CEE623121DDB2B6C002BF31B = {
						CreatedOnToolsVersion = 8.1;
						DevelopmentTeam = 4W94L64SGM;
						ProvisioningStyle = Automatic;
					};
				};
			};
			buildConfigurationList = CEE6230E1DDB2B6C002BF31B /* Build configuration list for PBXProject "thomaskamps-pset3" */;
			compatibilityVersion = "Xcode 3.2";
			developmentRegion = English;
			hasScannedForEncodings = 0;
			knownRegions = (
				en,
				Base,
			);
			mainGroup = CEE6230A1DDB2B6C002BF31B;
			productRefGroup = CEE623141DDB2B6C002BF31B /* Products */;
			projectDirPath = "";
			projectRoot = "";
			targets = (
				CEE623121DDB2B6C002BF31B /* thomaskamps-pset3 */,
			);
		};
/* End PBXProject section */

/* Begin PBXResourcesBuildPhase section */
		CEE623111DDB2B6C002BF31B /* Resources */ = {
			isa = PBXResourcesBuildPhase;
			buildActionMask = 2147483647;
			files = (
				CEE623211DDB2B6C002BF31B /* LaunchScreen.storyboard in Resources */,
				CEE6231E1DDB2B6C002BF31B /* Assets.xcassets in Resources */,
				CEE6231C1DDB2B6C002BF31B /* Main.storyboard in Resources */,
			);
			runOnlyForDeploymentPostprocessing = 0;
		};
/* End PBXResourcesBuildPhase section */

/* Begin PBXSourcesBuildPhase section */
		CEE6230F1DDB2B6C002BF31B /* Sources */ = {
			isa = PBXSourcesBuildPhase;
			buildActionMask = 2147483647;
			files = (
				CEE623291DDB3358002BF31B /* SearchViewController.swift in Sources */,
				CEE623191DDB2B6C002BF31B /* FavoritesViewController.swift in Sources */,
				CEE623171DDB2B6C002BF31B /* AppDelegate.swift in Sources */,
				CEE6232B1DDE6A1F002BF31B /* APIconnect.swift in Sources */,
				CEE6232D1DDE7314002BF31B /* SearchTableViewCell.swift in Sources */,
				CEFA35811DDF565900CE9F63 /* MovieViewController.swift in Sources */,
				CEFA35831DDF6B9700CE9F63 /* FavoritesTableViewCell.swift in Sources */,
			);
			runOnlyForDeploymentPostprocessing = 0;
		};
/* End PBXSourcesBuildPhase section */

/* Begin PBXVariantGroup section */
		CEE6231A1DDB2B6C002BF31B /* Main.storyboard */ = {
			isa = PBXVariantGroup;
			children = (
				CEE6231B1DDB2B6C002BF31B /* Base */,
			);
			name = Main.storyboard;
			sourceTree = "<group>";
		};
		CEE6231F1DDB2B6C002BF31B /* LaunchScreen.storyboard */ = {
			isa = PBXVariantGroup;
			children = (
				CEE623201DDB2B6C002BF31B /* Base */,
			);
			name = LaunchScreen.storyboard;
			sourceTree = "<group>";
		};
/* End PBXVariantGroup section */

/* Begin XCBuildConfiguration section */
		CEE623231DDB2B6C002BF31B /* Debug */ = {
			isa = XCBuildConfiguration;
			buildSettings = {
				ALWAYS_SEARCH_USER_PATHS = NO;
				CLANG_ANALYZER_NONNULL = YES;
				CLANG_CXX_LANGUAGE_STANDARD = "gnu++0x";
				CLANG_CXX_LIBRARY = "libc++";
				CLANG_ENABLE_MODULES = YES;
				CLANG_ENABLE_OBJC_ARC = YES;
				CLANG_WARN_BOOL_CONVERSION = YES;
				CLANG_WARN_CONSTANT_CONVERSION = YES;
				CLANG_WARN_DIRECT_OBJC_ISA_USAGE = YES_ERROR;
				CLANG_WARN_DOCUMENTATION_COMMENTS = YES;
				CLANG_WARN_EMPTY_BODY = YES;
				CLANG_WARN_ENUM_CONVERSION = YES;
				CLANG_WARN_INFINITE_RECURSION = YES;
				CLANG_WARN_INT_CONVERSION = YES;
				CLANG_WARN_OBJC_ROOT_CLASS = YES_ERROR;
				CLANG_WARN_SUSPICIOUS_MOVES = YES;
				CLANG_WARN_UNREACHABLE_CODE = YES;
				CLANG_WARN__DUPLICATE_METHOD_MATCH = YES;
				"CODE_SIGN_IDENTITY[sdk=iphoneos*]" = "iPhone Developer";
				COPY_PHASE_STRIP = NO;
				DEBUG_INFORMATION_FORMAT = dwarf;
				ENABLE_STRICT_OBJC_MSGSEND = YES;
				ENABLE_TESTABILITY = YES;
				GCC_C_LANGUAGE_STANDARD = gnu99;
				GCC_DYNAMIC_NO_PIC = NO;
				GCC_NO_COMMON_BLOCKS = YES;
				GCC_OPTIMIZATION_LEVEL = 0;
				GCC_PREPROCESSOR_DEFINITIONS = (
					"DEBUG=1",
					"$(inherited)",
				);
				GCC_WARN_64_TO_32_BIT_CONVERSION = YES;
				GCC_WARN_ABOUT_RETURN_TYPE = YES_ERROR;
				GCC_WARN_UNDECLARED_SELECTOR = YES;
				GCC_WARN_UNINITIALIZED_AUTOS = YES_AGGRESSIVE;
				GCC_WARN_UNUSED_FUNCTION = YES;
				GCC_WARN_UNUSED_VARIABLE = YES;
				IPHONEOS_DEPLOYMENT_TARGET = 10.1;
				MTL_ENABLE_DEBUG_INFO = YES;
				ONLY_ACTIVE_ARCH = YES;
				SDKROOT = iphoneos;
				SWIFT_ACTIVE_COMPILATION_CONDITIONS = DEBUG;
				SWIFT_OPTIMIZATION_LEVEL = "-Onone";
				TARGETED_DEVICE_FAMILY = "1,2";
			};
			name = Debug;
		};
		CEE623241DDB2B6C002BF31B /* Release */ = {
			isa = XCBuildConfiguration;
			buildSettings = {
				ALWAYS_SEARCH_USER_PATHS = NO;
				CLANG_ANALYZER_NONNULL = YES;
				CLANG_CXX_LANGUAGE_STANDARD = "gnu++0x";
				CLANG_CXX_LIBRARY = "libc++";
				CLANG_ENABLE_MODULES = YES;
				CLANG_ENABLE_OBJC_ARC = YES;
				CLANG_WARN_BOOL_CONVERSION = YES;
				CLANG_WARN_CONSTANT_CONVERSION = YES;
				CLANG_WARN_DIRECT_OBJC_ISA_USAGE = YES_ERROR;
				CLANG_WARN_DOCUMENTATION_COMMENTS = YES;
				CLANG_WARN_EMPTY_BODY = YES;
				CLANG_WARN_ENUM_CONVERSION = YES;
				CLANG_WARN_INFINITE_RECURSION = YES;
				CLANG_WARN_INT_CONVERSION = YES;
				CLANG_WARN_OBJC_ROOT_CLASS = YES_ERROR;
				CLANG_WARN_SUSPICIOUS_MOVES = YES;
				CLANG_WARN_UNREACHABLE_CODE = YES;
				CLANG_WARN__DUPLICATE_METHOD_MATCH = YES;
				"CODE_SIGN_IDENTITY[sdk=iphoneos*]" = "iPhone Developer";
				COPY_PHASE_STRIP = NO;
				DEBUG_INFORMATION_FORMAT = "dwarf-with-dsym";
				ENABLE_NS_ASSERTIONS = NO;
				ENABLE_STRICT_OBJC_MSGSEND = YES;
				GCC_C_LANGUAGE_STANDARD = gnu99;
				GCC_NO_COMMON_BLOCKS = YES;
				GCC_WARN_64_TO_32_BIT_CONVERSION = YES;
				GCC_WARN_ABOUT_RETURN_TYPE = YES_ERROR;
				GCC_WARN_UNDECLARED_SELECTOR = YES;
				GCC_WARN_UNINITIALIZED_AUTOS = YES_AGGRESSIVE;
				GCC_WARN_UNUSED_FUNCTION = YES;
				GCC_WARN_UNUSED_VARIABLE = YES;
				IPHONEOS_DEPLOYMENT_TARGET = 10.1;
				MTL_ENABLE_DEBUG_INFO = NO;
				SDKROOT = iphoneos;
				SWIFT_OPTIMIZATION_LEVEL = "-Owholemodule";
				TARGETED_DEVICE_FAMILY = "1,2";
				VALIDATE_PRODUCT = YES;
			};
			name = Release;
		};
		CEE623261DDB2B6C002BF31B /* Debug */ = {
			isa = XCBuildConfiguration;
			buildSettings = {
				ASSETCATALOG_COMPILER_APPICON_NAME = AppIcon;
				DEVELOPMENT_TEAM = 4W94L64SGM;
				INFOPLIST_FILE = "thomaskamps-pset3/Info.plist";
				IPHONEOS_DEPLOYMENT_TARGET = 9.3;
				LD_RUNPATH_SEARCH_PATHS = "$(inherited) @executable_path/Frameworks";
				PRODUCT_BUNDLE_IDENTIFIER = "thomaskamps.thomaskamps-pset3";
				PRODUCT_NAME = "$(TARGET_NAME)";
				SWIFT_VERSION = 3.0;
			};
			name = Debug;
		};
		CEE623271DDB2B6C002BF31B /* Release */ = {
			isa = XCBuildConfiguration;
			buildSettings = {
				ASSETCATALOG_COMPILER_APPICON_NAME = AppIcon;
				DEVELOPMENT_TEAM = 4W94L64SGM;
				INFOPLIST_FILE = "thomaskamps-pset3/Info.plist";
				IPHONEOS_DEPLOYMENT_TARGET = 9.3;
				LD_RUNPATH_SEARCH_PATHS = "$(inherited) @executable_path/Frameworks";
				PRODUCT_BUNDLE_IDENTIFIER = "thomaskamps.thomaskamps-pset3";
				PRODUCT_NAME = "$(TARGET_NAME)";
				SWIFT_VERSION = 3.0;
			};
			name = Release;
		};
/* End XCBuildConfiguration section */

/* Begin XCConfigurationList section */
		CEE6230E1DDB2B6C002BF31B /* Build configuration list for PBXProject "thomaskamps-pset3" */ = {
			isa = XCConfigurationList;
			buildConfigurations = (
				CEE623231DDB2B6C002BF31B /* Debug */,
				CEE623241DDB2B6C002BF31B /* Release */,
			);
			defaultConfigurationIsVisible = 0;
			defaultConfigurationName = Release;
		};
		CEE623251DDB2B6C002BF31B /* Build configuration list for PBXNativeTarget "thomaskamps-pset3" */ = {
			isa = XCConfigurationList;
			buildConfigurations = (
				CEE623261DDB2B6C002BF31B /* Debug */,
				CEE623271DDB2B6C002BF31B /* Release */,
			);
			defaultConfigurationIsVisible = 0;
			defaultConfigurationName = Release;
		};
/* End XCConfigurationList section */
	};
	rootObject = CEE6230B1DDB2B6C002BF31B /* Project object */;
}
